PODS:
  - SnapKit (5.0.1)
  - SwiftSoup (2.3.8)

DEPENDENCIES:
  - SnapKit (~> 5.0.0)
  - SwiftSoup

SPEC REPOS:
  trunk:
    - SnapKit
    - SwiftSoup

SPEC CHECKSUMS:
  SnapKit: 97b92857e3df3a0c71833cce143274bf6ef8e5eb
  SwiftSoup: ba8ea2c91151881a298cba4b0628ef31e835a77f

PODFILE CHECKSUM: b7ee92d60c147a3a9d310ac7686b8bbcd3e7a394

COCOAPODS: 1.11.2
